
Microsoft Visual Studio Solution File, Format Version 12.00
# Visual Studio Version 17
VisualStudioVersion = 17.9.34902.65
MinimumVisualStudioVersion = 10.0.40219.1
Project("{9A19103F-16F7-4668-BE54-9A1E7A4F7556}") = "CleanCodeLaboration", "CleanCodeLaboration\CleanCodeLaboration.csproj", "{943F019A-6AD5-4B7B-AEBB-B1F81EF82330}"
EndProject
Project("{FAE04EC0-301F-11D3-BF4B-00C04F79EFBC}") = "CleanCodeLaboration.Tests", "CleanCodeLaboration.Tests\CleanCodeLaboration.Tests.csproj", "{C065FF76-8935-4D4A-AC3A-9AFAA9CD6A2A}"
EndProject
Global
	GlobalSection(SolutionConfigurationPlatforms) = preSolution
		Debug|Any CPU = Debug|Any CPU
		Release|Any CPU = Release|Any CPU
	EndGlobalSection
	GlobalSection(ProjectConfigurationPlatforms) = postSolution
		{943F019A-6AD5-4B7B-AEBB-B1F81EF82330}.Debug|Any CPU.ActiveCfg = Debug|Any CPU
		{943F019A-6AD5-4B7B-AEBB-B1F81EF82330}.Debug|Any CPU.Build.0 = Debug|Any CPU
		{943F019A-6AD5-4B7B-AEBB-B1F81EF82330}.Release|Any CPU.ActiveCfg = Release|Any CPU
		{943F019A-6AD5-4B7B-AEBB-B1F81EF82330}.Release|Any CPU.Build.0 = Release|Any CPU
		{C065FF76-8935-4D4A-AC3A-9AFAA9CD6A2A}.Debug|Any CPU.ActiveCfg = Debug|Any CPU
		{C065FF76-8935-4D4A-AC3A-9AFAA9CD6A2A}.Debug|Any CPU.Build.0 = Debug|Any CPU
		{C065FF76-8935-4D4A-AC3A-9AFAA9CD6A2A}.Release|Any CPU.ActiveCfg = Release|Any CPU
		{C065FF76-8935-4D4A-AC3A-9AFAA9CD6A2A}.Release|Any CPU.Build.0 = Release|Any CPU
	EndGlobalSection
	GlobalSection(SolutionProperties) = preSolution
		HideSolutionNode = FALSE
	EndGlobalSection
	GlobalSection(ExtensibilityGlobals) = postSolution
		SolutionGuid = {1CFC956C-B543-4040-82F6-07561B2D1BDB}
	EndGlobalSection
EndGlobal
